// !$*UTF8*$!
{
	archiveVersion = 1;
	classes = {
	};
	objectVersion = 55;
	objects = {

/* Begin PBXBuildFile section */
		8F48EF05288672F7008E8A7E /* UnitUIDemoApp.swift in Sources */ = {isa = PBXBuildFile; fileRef = 8F48EF04288672F7008E8A7E /* UnitUIDemoApp.swift */; };
		8F48EF07288672F7008E8A7E /* ContentView.swift in Sources */ = {isa = PBXBuildFile; fileRef = 8F48EF06288672F7008E8A7E /* ContentView.swift */; };
		8F48EF09288672F8008E8A7E /* Assets.xcassets in Resources */ = {isa = PBXBuildFile; fileRef = 8F48EF08288672F8008E8A7E /* Assets.xcassets */; };
		8F48EF0C288672F8008E8A7E /* Preview Assets.xcassets in Resources */ = {isa = PBXBuildFile; fileRef = 8F48EF0B288672F8008E8A7E /* Preview Assets.xcassets */; };
		8F48EF16288672F8008E8A7E /* UnitUIDemoTests.swift in Sources */ = {isa = PBXBuildFile; fileRef = 8F48EF15288672F8008E8A7E /* UnitUIDemoTests.swift */; };
		8F48EF20288672F8008E8A7E /* UnitUIDemoUITests.swift in Sources */ = {isa = PBXBuildFile; fileRef = 8F48EF1F288672F8008E8A7E /* UnitUIDemoUITests.swift */; };
		8F48EF22288672F8008E8A7E /* UnitUIDemoUITestsLaunchTests.swift in Sources */ = {isa = PBXBuildFile; fileRef = 8F48EF21288672F8008E8A7E /* UnitUIDemoUITestsLaunchTests.swift */; };
/* End PBXBuildFile section */

/* Begin PBXContainerItemProxy section */
		8F48EF12288672F8008E8A7E /* PBXContainerItemProxy */ = {
			isa = PBXContainerItemProxy;
			containerPortal = 8F48EEF9288672F7008E8A7E /* Project object */;
			proxyType = 1;
			remoteGlobalIDString = 8F48EF00288672F7008E8A7E;
			remoteInfo = UnitUIDemo;
		};
		8F48EF1C288672F8008E8A7E /* PBXContainerItemProxy */ = {
			isa = PBXContainerItemProxy;
			containerPortal = 8F48EEF9288672F7008E8A7E /* Project object */;
			proxyType = 1;
			remoteGlobalIDString = 8F48EF00288672F7008E8A7E;
			remoteInfo = UnitUIDemo;
		};
/* End PBXContainerItemProxy section */

/* Begin PBXFileReference section */
		8F48EF01288672F7008E8A7E /* UnitUIDemo.app */ = {isa = PBXFileReference; explicitFileType = wrapper.application; includeInIndex = 0; path = UnitUIDemo.app; sourceTree = BUILT_PRODUCTS_DIR; };
		8F48EF04288672F7008E8A7E /* UnitUIDemoApp.swift */ = {isa = PBXFileReference; lastKnownFileType = sourcecode.swift; path = UnitUIDemoApp.swift; sourceTree = "<group>"; };
		8F48EF06288672F7008E8A7E /* ContentView.swift */ = {isa = PBXFileReference; lastKnownFileType = sourcecode.swift; path = ContentView.swift; sourceTree = "<group>"; };
		8F48EF08288672F8008E8A7E /* Assets.xcassets */ = {isa = PBXFileReference; lastKnownFileType = folder.assetcatalog; path = Assets.xcassets; sourceTree = "<group>"; };
		8F48EF0B288672F8008E8A7E /* Preview Assets.xcassets */ = {isa = PBXFileReference; lastKnownFileType = folder.assetcatalog; path = "Preview Assets.xcassets"; sourceTree = "<group>"; };
		8F48EF11288672F8008E8A7E /* UnitUIDemoTests.xctest */ = {isa = PBXFileReference; explicitFileType = wrapper.cfbundle; includeInIndex = 0; path = UnitUIDemoTests.xctest; sourceTree = BUILT_PRODUCTS_DIR; };
		8F48EF15288672F8008E8A7E /* UnitUIDemoTests.swift */ = {isa = PBXFileReference; lastKnownFileType = sourcecode.swift; path = UnitUIDemoTests.swift; sourceTree = "<group>"; };
		8F48EF1B288672F8008E8A7E /* UnitUIDemoUITests.xctest */ = {isa = PBXFileReference; explicitFileType = wrapper.cfbundle; includeInIndex = 0; path = UnitUIDemoUITests.xctest; sourceTree = BUILT_PRODUCTS_DIR; };
		8F48EF1F288672F8008E8A7E /* UnitUIDemoUITests.swift */ = {isa = PBXFileReference; lastKnownFileType = sourcecode.swift; path = UnitUIDemoUITests.swift; sourceTree = "<group>"; };
		8F48EF21288672F8008E8A7E /* UnitUIDemoUITestsLaunchTests.swift */ = {isa = PBXFileReference; lastKnownFileType = sourcecode.swift; path = UnitUIDemoUITestsLaunchTests.swift; sourceTree = "<group>"; };
/* End PBXFileReference section */

/* Begin PBXFrameworksBuildPhase section */
		8F48EEFE288672F7008E8A7E /* Frameworks */ = {
			isa = PBXFrameworksBuildPhase;
			buildActionMask = 2147483647;
			files = (
			);
			runOnlyForDeploymentPostprocessing = 0;
		};
		8F48EF0E288672F8008E8A7E /* Frameworks */ = {
			isa = PBXFrameworksBuildPhase;
			buildActionMask = 2147483647;
			files = (
			);
			runOnlyForDeploymentPostprocessing = 0;
		};
		8F48EF18288672F8008E8A7E /* Frameworks */ = {
			isa = PBXFrameworksBuildPhase;
			buildActionMask = 2147483647;
			files = (
			);
			runOnlyForDeploymentPostprocessing = 0;
		};
/* End PBXFrameworksBuildPhase section */

/* Begin PBXGroup section */
		8F48EEF8288672F7008E8A7E = {
			isa = PBXGroup;
			children = (
				8F48EF03288672F7008E8A7E /* UnitUIDemo */,
				8F48EF14288672F8008E8A7E /* UnitUIDemoTests */,
				8F48EF1E288672F8008E8A7E /* UnitUIDemoUITests */,
				8F48EF02288672F7008E8A7E /* Products */,
			);
			sourceTree = "<group>";
		};
		8F48EF02288672F7008E8A7E /* Products */ = {
			isa = PBXGroup;
			children = (
				8F48EF01288672F7008E8A7E /* UnitUIDemo.app */,
				8F48EF11288672F8008E8A7E /* UnitUIDemoTests.xctest */,
				8F48EF1B288672F8008E8A7E /* UnitUIDemoUITests.xctest */,
			);
			name = Products;
			sourceTree = "<group>";
		};
		8F48EF03288672F7008E8A7E /* UnitUIDemo */ = {
			isa = PBXGroup;
			children = (
				8F48EF04288672F7008E8A7E /* UnitUIDemoApp.swift */,
				8F48EF06288672F7008E8A7E /* ContentView.swift */,
				8F48EF08288672F8008E8A7E /* Assets.xcassets */,
				8F48EF0A288672F8008E8A7E /* Preview Content */,
			);
			path = UnitUIDemo;
			sourceTree = "<group>";
		};
		8F48EF0A288672F8008E8A7E /* Preview Content */ = {
			isa = PBXGroup;
			children = (
				8F48EF0B288672F8008E8A7E /* Preview Assets.xcassets */,
			);
			path = "Preview Content";
			sourceTree = "<group>";
		};
		8F48EF14288672F8008E8A7E /* UnitUIDemoTests */ = {
			isa = PBXGroup;
			children = (
				8F48EF15288672F8008E8A7E /* UnitUIDemoTests.swift */,
			);
			path = UnitUIDemoTests;
			sourceTree = "<group>";
		};
		8F48EF1E288672F8008E8A7E /* UnitUIDemoUITests */ = {
			isa = PBXGroup;
			children = (
				8F48EF1F288672F8008E8A7E /* UnitUIDemoUITests.swift */,
				8F48EF21288672F8008E8A7E /* UnitUIDemoUITestsLaunchTests.swift */,
			);
			path = UnitUIDemoUITests;
			sourceTree = "<group>";
		};
/* End PBXGroup section */

/* Begin PBXNativeTarget section */
		8F48EF00288672F7008E8A7E /* UnitUIDemo */ = {
			isa = PBXNativeTarget;
			buildConfigurationList = 8F48EF25288672F8008E8A7E /* Build configuration list for PBXNativeTarget "UnitUIDemo" */;
			buildPhases = (
				8F48EEFD288672F7008E8A7E /* Sources */,
				8F48EEFE288672F7008E8A7E /* Frameworks */,
				8F48EEFF288672F7008E8A7E /* Resources */,
			);
			buildRules = (
			);
			dependencies = (
			);
			name = UnitUIDemo;
			productName = UnitUIDemo;
			productReference = 8F48EF01288672F7008E8A7E /* UnitUIDemo.app */;
			productType = "com.apple.product-type.application";
		};
		8F48EF10288672F8008E8A7E /* UnitUIDemoTests */ = {
			isa = PBXNativeTarget;
			buildConfigurationList = 8F48EF28288672F8008E8A7E /* Build configuration list for PBXNativeTarget "UnitUIDemoTests" */;
			buildPhases = (
				8F48EF0D288672F8008E8A7E /* Sources */,
				8F48EF0E288672F8008E8A7E /* Frameworks */,
				8F48EF0F288672F8008E8A7E /* Resources */,
			);
			buildRules = (
			);
			dependencies = (
				8F48EF13288672F8008E8A7E /* PBXTargetDependency */,
			);
			name = UnitUIDemoTests;
			productName = UnitUIDemoTests;
			productReference = 8F48EF11288672F8008E8A7E /* UnitUIDemoTests.xctest */;
			productType = "com.apple.product-type.bundle.unit-test";
		};
		8F48EF1A288672F8008E8A7E /* UnitUIDemoUITests */ = {
			isa = PBXNativeTarget;
			buildConfigurationList = 8F48EF2B288672F8008E8A7E /* Build configuration list for PBXNativeTarget "UnitUIDemoUITests" */;
			buildPhases = (
				8F48EF17288672F8008E8A7E /* Sources */,
				8F48EF18288672F8008E8A7E /* Frameworks */,
				8F48EF19288672F8008E8A7E /* Resources */,
			);
			buildRules = (
			);
			dependencies = (
				8F48EF1D288672F8008E8A7E /* PBXTargetDependency */,
			);
			name = UnitUIDemoUITests;
			productName = UnitUIDemoUITests;
			productReference = 8F48EF1B288672F8008E8A7E /* UnitUIDemoUITests.xctest */;
			productType = "com.apple.product-type.bundle.ui-testing";
		};
/* End PBXNativeTarget section */

/* Begin PBXProject section */
		8F48EEF9288672F7008E8A7E /* Project object */ = {
			isa = PBXProject;
			attributes = {
				BuildIndependentTargetsInParallel = 1;
				LastSwiftUpdateCheck = 1340;
				LastUpgradeCheck = 1340;
				TargetAttributes = {
					8F48EF00288672F7008E8A7E = {
						CreatedOnToolsVersion = 13.4.1;
					};
					8F48EF10288672F8008E8A7E = {
						CreatedOnToolsVersion = 13.4.1;
						TestTargetID = 8F48EF00288672F7008E8A7E;
					};
					8F48EF1A288672F8008E8A7E = {
						CreatedOnToolsVersion = 13.4.1;
						TestTargetID = 8F48EF00288672F7008E8A7E;
					};
				};
			};
			buildConfigurationList = 8F48EEFC288672F7008E8A7E /* Build configuration list for PBXProject "UnitUIDemo" */;
			compatibilityVersion = "Xcode 13.0";
			developmentRegion = en;
			hasScannedForEncodings = 0;
			knownRegions = (
				en,
				Base,
			);
			mainGroup = 8F48EEF8288672F7008E8A7E;
			productRefGroup = 8F48EF02288672F7008E8A7E /* Products */;
			projectDirPath = "";
			projectRoot = "";
			targets = (
				8F48EF00288672F7008E8A7E /* UnitUIDemo */,
				8F48EF10288672F8008E8A7E /* UnitUIDemoTests */,
				8F48EF1A288672F8008E8A7E /* UnitUIDemoUITests */,
			);
		};
/* End PBXProject section */

/* Begin PBXResourcesBuildPhase section */
		8F48EEFF288672F7008E8A7E /* Resources */ = {
			isa = PBXResourcesBuildPhase;
			buildActionMask = 2147483647;
			files = (
				8F48EF0C288672F8008E8A7E /* Preview Assets.xcassets in Resources */,
				8F48EF09288672F8008E8A7E /* Assets.xcassets in Resources */,
			);
			runOnlyForDeploymentPostprocessing = 0;
		};
		8F48EF0F288672F8008E8A7E /* Resources */ = {
			isa = PBXResourcesBuildPhase;
			buildActionMask = 2147483647;
			files = (
			);
			runOnlyForDeploymentPostprocessing = 0;
		};
		8F48EF19288672F8008E8A7E /* Resources */ = {
			isa = PBXResourcesBuildPhase;
			buildActionMask = 2147483647;
			files = (
			);
			runOnlyForDeploymentPostprocessing = 0;
		};
/* End PBXResourcesBuildPhase section */

/* Begin PBXSourcesBuildPhase section */
		8F48EEFD288672F7008E8A7E /* Sources */ = {
			isa = PBXSourcesBuildPhase;
			buildActionMask = 2147483647;
			files = (
				8F48EF07288672F7008E8A7E /* ContentView.swift in Sources */,
				8F48EF05288672F7008E8A7E /* UnitUIDemoApp.swift in Sources */,
			);
			runOnlyForDeploymentPostprocessing = 0;
		};
		8F48EF0D288672F8008E8A7E /* Sources */ = {
			isa = PBXSourcesBuildPhase;
			buildActionMask = 2147483647;
			files = (
				8F48EF16288672F8008E8A7E /* UnitUIDemoTests.swift in Sources */,
			);
			runOnlyForDeploymentPostprocessing = 0;
		};
		8F48EF17288672F8008E8A7E /* Sources */ = {
			isa = PBXSourcesBuildPhase;
			buildActionMask = 2147483647;
			files = (
				8F48EF20288672F8008E8A7E /* UnitUIDemoUITests.swift in Sources */,
				8F48EF22288672F8008E8A7E /* UnitUIDemoUITestsLaunchTests.swift in Sources */,
			);
			runOnlyForDeploymentPostprocessing = 0;
		};
/* End PBXSourcesBuildPhase section */

/* Begin PBXTargetDependency section */
		8F48EF13288672F8008E8A7E /* PBXTargetDependency */ = {
			isa = PBXTargetDependency;
			target = 8F48EF00288672F7008E8A7E /* UnitUIDemo */;
			targetProxy = 8F48EF12288672F8008E8A7E /* PBXContainerItemProxy */;
		};
		8F48EF1D288672F8008E8A7E /* PBXTargetDependency */ = {
			isa = PBXTargetDependency;
			target = 8F48EF00288672F7008E8A7E /* UnitUIDemo */;
			targetProxy = 8F48EF1C288672F8008E8A7E /* PBXContainerItemProxy */;
		};
/* End PBXTargetDependency section */

/* Begin XCBuildConfiguration section */
		8F48EF23288672F8008E8A7E /* Debug */ = {
			isa = XCBuildConfiguration;
			buildSettings = {
				ALWAYS_SEARCH_USER_PATHS = NO;
				CLANG_ANALYZER_NONNULL = YES;
				CLANG_ANALYZER_NUMBER_OBJECT_CONVERSION = YES_AGGRESSIVE;
				CLANG_CXX_LANGUAGE_STANDARD = "gnu++17";
				CLANG_ENABLE_MODULES = YES;
				CLANG_ENABLE_OBJC_ARC = YES;
				CLANG_ENABLE_OBJC_WEAK = YES;
				CLANG_WARN_BLOCK_CAPTURE_AUTORELEASING = YES;
				CLANG_WARN_BOOL_CONVERSION = YES;
				CLANG_WARN_COMMA = YES;
				CLANG_WARN_CONSTANT_CONVERSION = YES;
				CLANG_WARN_DEPRECATED_OBJC_IMPLEMENTATIONS = YES;
				CLANG_WARN_DIRECT_OBJC_ISA_USAGE = YES_ERROR;
				CLANG_WARN_DOCUMENTATION_COMMENTS = YES;
				CLANG_WARN_EMPTY_BODY = YES;
				CLANG_WARN_ENUM_CONVERSION = YES;
				CLANG_WARN_INFINITE_RECURSION = YES;
				CLANG_WARN_INT_CONVERSION = YES;
				CLANG_WARN_NON_LITERAL_NULL_CONVERSION = YES;
				CLANG_WARN_OBJC_IMPLICIT_RETAIN_SELF = YES;
				CLANG_WARN_OBJC_LITERAL_CONVERSION = YES;
				CLANG_WARN_OBJC_ROOT_CLASS = YES_ERROR;
				CLANG_WARN_QUOTED_INCLUDE_IN_FRAMEWORK_HEADER = YES;
				CLANG_WARN_RANGE_LOOP_ANALYSIS = YES;
				CLANG_WARN_STRICT_PROTOTYPES = YES;
				CLANG_WARN_SUSPICIOUS_MOVE = YES;
				CLANG_WARN_UNGUARDED_AVAILABILITY = YES_AGGRESSIVE;
				CLANG_WARN_UNREACHABLE_CODE = YES;
				CLANG_WARN__DUPLICATE_METHOD_MATCH = YES;
				COPY_PHASE_STRIP = NO;
				DEBUG_INFORMATION_FORMAT = dwarf;
				ENABLE_STRICT_OBJC_MSGSEND = YES;
				ENABLE_TESTABILITY = YES;
				GCC_C_LANGUAGE_STANDARD = gnu11;
				GCC_DYNAMIC_NO_PIC = NO;
				GCC_NO_COMMON_BLOCKS = YES;
				GCC_OPTIMIZATION_LEVEL = 0;
				GCC_PREPROCESSOR_DEFINITIONS = (
					"DEBUG=1",
					"$(inherited)",
				);
				GCC_WARN_64_TO_32_BIT_CONVERSION = YES;
				GCC_WARN_ABOUT_RETURN_TYPE = YES_ERROR;
				GCC_WARN_UNDECLARED_SELECTOR = YES;
				GCC_WARN_UNINITIALIZED_AUTOS = YES_AGGRESSIVE;
				GCC_WARN_UNUSED_FUNCTION = YES;
				GCC_WARN_UNUSED_VARIABLE = YES;
				IPHONEOS_DEPLOYMENT_TARGET = 15.5;
				MTL_ENABLE_DEBUG_INFO = INCLUDE_SOURCE;
				MTL_FAST_MATH = YES;
				ONLY_ACTIVE_ARCH = YES;
				SDKROOT = iphoneos;
				SWIFT_ACTIVE_COMPILATION_CONDITIONS = DEBUG;
				SWIFT_OPTIMIZATION_LEVEL = "-Onone";
			};
			name = Debug;
		};
		8F48EF24288672F8008E8A7E /* Release */ = {
			isa = XCBuildConfiguration;
			buildSettings = {
				ALWAYS_SEARCH_USER_PATHS = NO;
				CLANG_ANALYZER_NONNULL = YES;
				CLANG_ANALYZER_NUMBER_OBJECT_CONVERSION = YES_AGGRESSIVE;
				CLANG_CXX_LANGUAGE_STANDARD = "gnu++17";
				CLANG_ENABLE_MODULES = YES;
				CLANG_ENABLE_OBJC_ARC = YES;
				CLANG_ENABLE_OBJC_WEAK = YES;
				CLANG_WARN_BLOCK_CAPTURE_AUTORELEASING = YES;
				CLANG_WARN_BOOL_CONVERSION = YES;
				CLANG_WARN_COMMA = YES;
				CLANG_WARN_CONSTANT_CONVERSION = YES;
				CLANG_WARN_DEPRECATED_OBJC_IMPLEMENTATIONS = YES;
				CLANG_WARN_DIRECT_OBJC_ISA_USAGE = YES_ERROR;
				CLANG_WARN_DOCUMENTATION_COMMENTS = YES;
				CLANG_WARN_EMPTY_BODY = YES;
				CLANG_WARN_ENUM_CONVERSION = YES;
				CLANG_WARN_INFINITE_RECURSION = YES;
				CLANG_WARN_INT_CONVERSION = YES;
				CLANG_WARN_NON_LITERAL_NULL_CONVERSION = YES;
				CLANG_WARN_OBJC_IMPLICIT_RETAIN_SELF = YES;
				CLANG_WARN_OBJC_LITERAL_CONVERSION = YES;
				CLANG_WARN_OBJC_ROOT_CLASS = YES_ERROR;
				CLANG_WARN_QUOTED_INCLUDE_IN_FRAMEWORK_HEADER = YES;
				CLANG_WARN_RANGE_LOOP_ANALYSIS = YES;
				CLANG_WARN_STRICT_PROTOTYPES = YES;
				CLANG_WARN_SUSPICIOUS_MOVE = YES;
				CLANG_WARN_UNGUARDED_AVAILABILITY = YES_AGGRESSIVE;
				CLANG_WARN_UNREACHABLE_CODE = YES;
				CLANG_WARN__DUPLICATE_METHOD_MATCH = YES;
				COPY_PHASE_STRIP = NO;
				DEBUG_INFORMATION_FORMAT = "dwarf-with-dsym";
				ENABLE_NS_ASSERTIONS = NO;
				ENABLE_STRICT_OBJC_MSGSEND = YES;
				GCC_C_LANGUAGE_STANDARD = gnu11;
				GCC_NO_COMMON_BLOCKS = YES;
				GCC_WARN_64_TO_32_BIT_CONVERSION = YES;
				GCC_WARN_ABOUT_RETURN_TYPE = YES_ERROR;
				GCC_WARN_UNDECLARED_SELECTOR = YES;
				GCC_WARN_UNINITIALIZED_AUTOS = YES_AGGRESSIVE;
				GCC_WARN_UNUSED_FUNCTION = YES;
				GCC_WARN_UNUSED_VARIABLE = YES;
				IPHONEOS_DEPLOYMENT_TARGET = 15.5;
				MTL_ENABLE_DEBUG_INFO = NO;
				MTL_FAST_MATH = YES;
				SDKROOT = iphoneos;
				SWIFT_COMPILATION_MODE = wholemodule;
				SWIFT_OPTIMIZATION_LEVEL = "-O";
				VALIDATE_PRODUCT = YES;
			};
			name = Release;
		};
		8F48EF26288672F8008E8A7E /* Debug */ = {
			isa = XCBuildConfiguration;
			buildSettings = {
				ASSETCATALOG_COMPILER_APPICON_NAME = AppIcon;
				ASSETCATALOG_COMPILER_GLOBAL_ACCENT_COLOR_NAME = AccentColor;
				CODE_SIGN_STYLE = Automatic;
				CURRENT_PROJECT_VERSION = 1;
				DEVELOPMENT_ASSET_PATHS = "\"UnitUIDemo/Preview Content\"";
				DEVELOPMENT_TEAM = 9G733N2K2F;
				ENABLE_PREVIEWS = YES;
				GENERATE_INFOPLIST_FILE = YES;
				INFOPLIST_KEY_UIApplicationSceneManifest_Generation = YES;
				INFOPLIST_KEY_UIApplicationSupportsIndirectInputEvents = YES;
				INFOPLIST_KEY_UILaunchScreen_Generation = YES;
				INFOPLIST_KEY_UISupportedInterfaceOrientations_iPad = "UIInterfaceOrientationPortrait UIInterfaceOrientationPortraitUpsideDown UIInterfaceOrientationLandscapeLeft UIInterfaceOrientationLandscapeRight";
				INFOPLIST_KEY_UISupportedInterfaceOrientations_iPhone = "UIInterfaceOrientationPortrait UIInterfaceOrientationLandscapeLeft UIInterfaceOrientationLandscapeRight";
				LD_RUNPATH_SEARCH_PATHS = (
					"$(inherited)",
					"@executable_path/Frameworks",
				);
				MARKETING_VERSION = 1.0;
				PRODUCT_BUNDLE_IDENTIFIER = com.tc.customerapp.UnitUIDemo;
				PRODUCT_NAME = "$(TARGET_NAME)";
				SWIFT_EMIT_LOC_STRINGS = YES;
				SWIFT_VERSION = 5.0;
				TARGETED_DEVICE_FAMILY = "1,2";
			};
			name = Debug;
		};
		8F48EF27288672F8008E8A7E /* Release */ = {
			isa = XCBuildConfiguration;
			buildSettings = {
				ASSETCATALOG_COMPILER_APPICON_NAME = AppIcon;
				ASSETCATALOG_COMPILER_GLOBAL_ACCENT_COLOR_NAME = AccentColor;
				CODE_SIGN_STYLE = Automatic;
				CURRENT_PROJECT_VERSION = 1;
				DEVELOPMENT_ASSET_PATHS = "\"UnitUIDemo/Preview Content\"";
				DEVELOPMENT_TEAM = 9G733N2K2F;
				ENABLE_PREVIEWS = YES;
				GENERATE_INFOPLIST_FILE = YES;
				INFOPLIST_KEY_UIApplicationSceneManifest_Generation = YES;
				INFOPLIST_KEY_UIApplicationSupportsIndirectInputEvents = YES;
				INFOPLIST_KEY_UILaunchScreen_Generation = YES;
				INFOPLIST_KEY_UISupportedInterfaceOrientations_iPad = "UIInterfaceOrientationPortrait UIInterfaceOrientationPortraitUpsideDown UIInterfaceOrientationLandscapeLeft UIInterfaceOrientationLandscapeRight";
				INFOPLIST_KEY_UISupportedInterfaceOrientations_iPhone = "UIInterfaceOrientationPortrait UIInterfaceOrientationLandscapeLeft UIInterfaceOrientationLandscapeRight";
				LD_RUNPATH_SEARCH_PATHS = (
					"$(inherited)",
					"@executable_path/Frameworks",
				);
				MARKETING_VERSION = 1.0;
				PRODUCT_BUNDLE_IDENTIFIER = com.tc.customerapp.UnitUIDemo;
				PRODUCT_NAME = "$(TARGET_NAME)";
				SWIFT_EMIT_LOC_STRINGS = YES;
				SWIFT_VERSION = 5.0;
				TARGETED_DEVICE_FAMILY = "1,2";
			};
			name = Release;
		};
		8F48EF29288672F8008E8A7E /* Debug */ = {
			isa = XCBuildConfiguration;
			buildSettings = {
				ALWAYS_EMBED_SWIFT_STANDARD_LIBRARIES = YES;
				BUNDLE_LOADER = "$(TEST_HOST)";
				CODE_SIGN_STYLE = Automatic;
				CURRENT_PROJECT_VERSION = 1;
				DEVELOPMENT_TEAM = 9G733N2K2F;
				GENERATE_INFOPLIST_FILE = YES;
				IPHONEOS_DEPLOYMENT_TARGET = 15.5;
				MARKETING_VERSION = 1.0;
				PRODUCT_BUNDLE_IDENTIFIER = com.tc.customerapp.UnitUIDemoTests;
				PRODUCT_NAME = "$(TARGET_NAME)";
				SWIFT_EMIT_LOC_STRINGS = NO;
				SWIFT_VERSION = 5.0;
				TARGETED_DEVICE_FAMILY = "1,2";
				TEST_HOST = "$(BUILT_PRODUCTS_DIR)/UnitUIDemo.app/UnitUIDemo";
			};
			name = Debug;
		};
		8F48EF2A288672F8008E8A7E /* Release */ = {
			isa = XCBuildConfiguration;
			buildSettings = {
				ALWAYS_EMBED_SWIFT_STANDARD_LIBRARIES = YES;
				BUNDLE_LOADER = "$(TEST_HOST)";
				CODE_SIGN_STYLE = Automatic;
				CURRENT_PROJECT_VERSION = 1;
				DEVELOPMENT_TEAM = 9G733N2K2F;
				GENERATE_INFOPLIST_FILE = YES;
				IPHONEOS_DEPLOYMENT_TARGET = 15.5;
				MARKETING_VERSION = 1.0;
				PRODUCT_BUNDLE_IDENTIFIER = com.tc.customerapp.UnitUIDemoTests;
				PRODUCT_NAME = "$(TARGET_NAME)";
				SWIFT_EMIT_LOC_STRINGS = NO;
				SWIFT_VERSION = 5.0;
				TARGETED_DEVICE_FAMILY = "1,2";
				TEST_HOST = "$(BUILT_PRODUCTS_DIR)/UnitUIDemo.app/UnitUIDemo";
			};
			name = Release;
		};
		8F48EF2C288672F8008E8A7E /* Debug */ = {
			isa = XCBuildConfiguration;
			buildSettings = {
				ALWAYS_EMBED_SWIFT_STANDARD_LIBRARIES = YES;
				CODE_SIGN_STYLE = Automatic;
				CURRENT_PROJECT_VERSION = 1;
				DEVELOPMENT_TEAM = 9G733N2K2F;
				GENERATE_INFOPLIST_FILE = YES;
				MARKETING_VERSION = 1.0;
				PRODUCT_BUNDLE_IDENTIFIER = com.tc.customerapp.UnitUIDemoUITests;
				PRODUCT_NAME = "$(TARGET_NAME)";
				SWIFT_EMIT_LOC_STRINGS = NO;
				SWIFT_VERSION = 5.0;
				TARGETED_DEVICE_FAMILY = "1,2";
				TEST_TARGET_NAME = UnitUIDemo;
			};
			name = Debug;
		};
		8F48EF2D288672F8008E8A7E /* Release */ = {
			isa = XCBuildConfiguration;
			buildSettings = {
				ALWAYS_EMBED_SWIFT_STANDARD_LIBRARIES = YES;
				CODE_SIGN_STYLE = Automatic;
				CURRENT_PROJECT_VERSION = 1;
				DEVELOPMENT_TEAM = 9G733N2K2F;
				GENERATE_INFOPLIST_FILE = YES;
				MARKETING_VERSION = 1.0;
				PRODUCT_BUNDLE_IDENTIFIER = com.tc.customerapp.UnitUIDemoUITests;
				PRODUCT_NAME = "$(TARGET_NAME)";
				SWIFT_EMIT_LOC_STRINGS = NO;
				SWIFT_VERSION = 5.0;
				TARGETED_DEVICE_FAMILY = "1,2";
				TEST_TARGET_NAME = UnitUIDemo;
			};
			name = Release;
		};
/* End XCBuildConfiguration section */

/* Begin XCConfigurationList section */
		8F48EEFC288672F7008E8A7E /* Build configuration list for PBXProject "UnitUIDemo" */ = {
			isa = XCConfigurationList;
			buildConfigurations = (
				8F48EF23288672F8008E8A7E /* Debug */,
				8F48EF24288672F8008E8A7E /* Release */,
			);
			defaultConfigurationIsVisible = 0;
			defaultConfigurationName = Release;
		};
		8F48EF25288672F8008E8A7E /* Build configuration list for PBXNativeTarget "UnitUIDemo" */ = {
			isa = XCConfigurationList;
			buildConfigurations = (
				8F48EF26288672F8008E8A7E /* Debug */,
				8F48EF27288672F8008E8A7E /* Release */,
			);
			defaultConfigurationIsVisible = 0;
			defaultConfigurationName = Release;
		};
		8F48EF28288672F8008E8A7E /* Build configuration list for PBXNativeTarget "UnitUIDemoTests" */ = {
			isa = XCConfigurationList;
			buildConfigurations = (
				8F48EF29288672F8008E8A7E /* Debug */,
				8F48EF2A288672F8008E8A7E /* Release */,
			);
			defaultConfigurationIsVisible = 0;
			defaultConfigurationName = Release;
		};
		8F48EF2B288672F8008E8A7E /* Build configuration list for PBXNativeTarget "UnitUIDemoUITests" */ = {
			isa = XCConfigurationList;
			buildConfigurations = (
				8F48EF2C288672F8008E8A7E /* Debug */,
				8F48EF2D288672F8008E8A7E /* Release */,
			);
			defaultConfigurationIsVisible = 0;
			defaultConfigurationName = Release;
		};
/* End XCConfigurationList section */
	};
	rootObject = 8F48EEF9288672F7008E8A7E /* Project object */;
}
